<?xml version="1.0" encoding="utf-8"?>
<Project ToolsVersion="16.0" xmlns="http://schemas.microsoft.com/developer/msbuild/2003">
  <ItemGroup>
    <ClCompile Include="src\irrXML.cpp" />
  </ItemGroup>
  <ItemGroup>
    <ClInclude Include="src\CXMLReaderImpl.h" />
    <ClInclude Include="src\fast_atof.h" />
    <ClInclude Include="src\heapsort.h" />
    <ClInclude Include="src\irrArray.h" />
    <ClInclude Include="src\irrString.h" />
    <ClInclude Include="src\irrTypes.h" />
    <ClInclude Include="src\irrXML.h" />
  </ItemGroup>
  <ItemGroup>
    <Filter Include="Header Files">
      <UniqueIdentifier>{D5B0E8F3-9C0C-36AD-968F-660DA54E6FE3}</UniqueIdentifier>
    </Filter>
    <Filter Include="Source Files">
      <UniqueIdentifier>{E0226B90-EA46-3FDB-87F8-49691C7A1128}</UniqueIdentifier>
    </Filter>
  </ItemGroup>
</Project>